
Microsoft Visual Studio Solution File, Format Version 12.00
# Visual Studio 15
VisualStudioVersion = 15.0.28307.1000
MinimumVisualStudioVersion = 10.0.40219.1
Project("{FAE04EC0-301F-11D3-BF4B-00C04F79EFBC}") = "PSWRDMGR", "PSWRDMGR\PSWRDMGR.csproj", "{EEA4C720-26E7-4071-82A1-A95F955FDE29}"
EndProject
Global
	GlobalSection(SolutionConfigurationPlatforms) = preSolution
		Debug|Any CPU = Debug|Any CPU
		Release|Any CPU = Release|Any CPU
	EndGlobalSection
	GlobalSection(ProjectConfigurationPlatforms) = postSolution
		{EEA4C720-26E7-4071-82A1-A95F955FDE29}.Debug|Any CPU.ActiveCfg = Debug|Any CPU
		{EEA4C720-26E7-4071-82A1-A95F955FDE29}.Debug|Any CPU.Build.0 = Debug|Any CPU
		{EEA4C720-26E7-4071-82A1-A95F955FDE29}.Release|Any CPU.ActiveCfg = Release|Any CPU
		{EEA4C720-26E7-4071-82A1-A95F955FDE29}.Release|Any CPU.Build.0 = Release|Any CPU
	EndGlobalSection
	GlobalSection(SolutionProperties) = preSolution
		HideSolutionNode = FALSE
	EndGlobalSection
	GlobalSection(ExtensibilityGlobals) = postSolution
		SolutionGuid = {9CADF434-1EEB-4F76-8CD5-BC9328441F2D}
	EndGlobalSection
EndGlobal
